
Microsoft Visual Studio Solution File, Format Version 12.00
# Visual Studio 15
VisualStudioVersion = 15.0.28307.102
MinimumVisualStudioVersion = 10.0.40219.1
Project("{9A19103F-16F7-4668-BE54-9A1E7A4F7556}") = "api", "api.csproj", "{1E021EF5-5DFE-4368-AE6A-17792772478E}"
EndProject
Global
	GlobalSection(SolutionConfigurationPlatforms) = preSolution
		Debug|Any CPU = Debug|Any CPU
		Release|Any CPU = Release|Any CPU
	EndGlobalSection
	GlobalSection(ProjectConfigurationPlatforms) = postSolution
		{1E021EF5-5DFE-4368-AE6A-17792772478E}.Debug|Any CPU.ActiveCfg = Debug|Any CPU
		{1E021EF5-5DFE-4368-AE6A-17792772478E}.Debug|Any CPU.Build.0 = Debug|Any CPU
		{1E021EF5-5DFE-4368-AE6A-17792772478E}.Release|Any CPU.ActiveCfg = Release|Any CPU
		{1E021EF5-5DFE-4368-AE6A-17792772478E}.Release|Any CPU.Build.0 = Release|Any CPU
	EndGlobalSection
	GlobalSection(SolutionProperties) = preSolution
		HideSolutionNode = FALSE
	EndGlobalSection
	GlobalSection(ExtensibilityGlobals) = postSolution
		SolutionGuid = {A01CAEBA-C673-4694-84BE-11280BF1B23D}
	EndGlobalSection
EndGlobal
